PODS:
  - Kingfisher (5.3.1)
  - SDWebImage (4.4.6):
    - SDWebImage/Core (= 4.4.6)
  - SDWebImage/Core (4.4.6)

DEPENDENCIES:
  - Kingfisher (~> 5.0)
  - SDWebImage

SPEC REPOS:
  https://github.com/cocoapods/specs.git:
    - Kingfisher
    - SDWebImage

SPEC CHECKSUMS:
  Kingfisher: d9e7e0b209b59b8f9873aa2f37654e81a7beea51
  SDWebImage: 3f3f0c02f09798048c47a5ed0a13f17b063572d8

PODFILE CHECKSUM: 928ed5e31b8f9718c8f06a10536fea6829617b8c

COCOAPODS: 1.6.1
