PODS:
  - SDWebImage (5.0.3):
    - SDWebImage/Core (= 5.0.3)
  - SDWebImage/Core (5.0.3)
  - YouTubePlayer (0.4.0)

DEPENDENCIES:
  - SDWebImage
  - YouTubePlayer

SPEC REPOS:
  https://github.com/cocoapods/specs.git:
    - SDWebImage
    - YouTubePlayer

SPEC CHECKSUMS:
  SDWebImage: d4f87d7d36c8a4d9f9459dc282e0caa057fdf935
  YouTubePlayer: 028451f6772f372d4759866db99824c676ac1473

PODFILE CHECKSUM: ba315f2a2ffed6938aec5e48f9af2c703db9abaf

COCOAPODS: 1.6.1
